
Microsoft Visual Studio Solution File, Format Version 12.00
# Visual Studio Version 17
VisualStudioVersion = 17.11.35327.3
MinimumVisualStudioVersion = 10.0.40219.1
Project("{8BC9CEB8-8B4A-11D0-8D11-00A0C91BC942}") = "CallNetDemo", "CallNetDemo\CallNetDemo.vcxproj", "{E32CAE95-B3AF-4CC5-B682-2286324F16C0}"
EndProject
Project("{FAE04EC0-301F-11D3-BF4B-00C04F79EFBC}") = "DLL", "DLL\DLL.csproj", "{EFDE650D-ED40-4B84-8876-5F1592A77EB8}"
EndProject
Project("{8BC9CEB8-8B4A-11D0-8D11-00A0C91BC942}") = "WrapperDll", "WrapperDll\WrapperDll.vcxproj", "{5BDC604C-4862-4BF5-BB0B-634E0C3049D5}"
EndProject
Global
	GlobalSection(SolutionConfigurationPlatforms) = preSolution
		Debug|Any CPU = Debug|Any CPU
		Debug|x64 = Debug|x64
		Debug|x86 = Debug|x86
		Release|Any CPU = Release|Any CPU
		Release|x64 = Release|x64
		Release|x86 = Release|x86
	EndGlobalSection
	GlobalSection(ProjectConfigurationPlatforms) = postSolution
		{E32CAE95-B3AF-4CC5-B682-2286324F16C0}.Debug|Any CPU.ActiveCfg = Debug|x64
		{E32CAE95-B3AF-4CC5-B682-2286324F16C0}.Debug|Any CPU.Build.0 = Debug|x64
		{E32CAE95-B3AF-4CC5-B682-2286324F16C0}.Debug|x64.ActiveCfg = Debug|x64
		{E32CAE95-B3AF-4CC5-B682-2286324F16C0}.Debug|x64.Build.0 = Debug|x64
		{E32CAE95-B3AF-4CC5-B682-2286324F16C0}.Debug|x86.ActiveCfg = Debug|Win32
		{E32CAE95-B3AF-4CC5-B682-2286324F16C0}.Debug|x86.Build.0 = Debug|Win32
		{E32CAE95-B3AF-4CC5-B682-2286324F16C0}.Release|Any CPU.ActiveCfg = Release|x64
		{E32CAE95-B3AF-4CC5-B682-2286324F16C0}.Release|Any CPU.Build.0 = Release|x64
		{E32CAE95-B3AF-4CC5-B682-2286324F16C0}.Release|x64.ActiveCfg = Release|x64
		{E32CAE95-B3AF-4CC5-B682-2286324F16C0}.Release|x64.Build.0 = Release|x64
		{E32CAE95-B3AF-4CC5-B682-2286324F16C0}.Release|x86.ActiveCfg = Release|Win32
		{E32CAE95-B3AF-4CC5-B682-2286324F16C0}.Release|x86.Build.0 = Release|Win32
		{EFDE650D-ED40-4B84-8876-5F1592A77EB8}.Debug|Any CPU.ActiveCfg = Debug|Any CPU
		{EFDE650D-ED40-4B84-8876-5F1592A77EB8}.Debug|Any CPU.Build.0 = Debug|Any CPU
		{EFDE650D-ED40-4B84-8876-5F1592A77EB8}.Debug|x64.ActiveCfg = Debug|Any CPU
		{EFDE650D-ED40-4B84-8876-5F1592A77EB8}.Debug|x64.Build.0 = Debug|Any CPU
		{EFDE650D-ED40-4B84-8876-5F1592A77EB8}.Debug|x86.ActiveCfg = Debug|Any CPU
		{EFDE650D-ED40-4B84-8876-5F1592A77EB8}.Debug|x86.Build.0 = Debug|Any CPU
		{EFDE650D-ED40-4B84-8876-5F1592A77EB8}.Release|Any CPU.ActiveCfg = Release|Any CPU
		{EFDE650D-ED40-4B84-8876-5F1592A77EB8}.Release|Any CPU.Build.0 = Release|Any CPU
		{EFDE650D-ED40-4B84-8876-5F1592A77EB8}.Release|x64.ActiveCfg = Release|Any CPU
		{EFDE650D-ED40-4B84-8876-5F1592A77EB8}.Release|x64.Build.0 = Release|Any CPU
		{EFDE650D-ED40-4B84-8876-5F1592A77EB8}.Release|x86.ActiveCfg = Release|Any CPU
		{EFDE650D-ED40-4B84-8876-5F1592A77EB8}.Release|x86.Build.0 = Release|Any CPU
		{5BDC604C-4862-4BF5-BB0B-634E0C3049D5}.Debug|Any CPU.ActiveCfg = Debug|x64
		{5BDC604C-4862-4BF5-BB0B-634E0C3049D5}.Debug|Any CPU.Build.0 = Debug|x64
		{5BDC604C-4862-4BF5-BB0B-634E0C3049D5}.Debug|x64.ActiveCfg = Debug|x64
		{5BDC604C-4862-4BF5-BB0B-634E0C3049D5}.Debug|x64.Build.0 = Debug|x64
		{5BDC604C-4862-4BF5-BB0B-634E0C3049D5}.Debug|x86.ActiveCfg = Debug|Win32
		{5BDC604C-4862-4BF5-BB0B-634E0C3049D5}.Debug|x86.Build.0 = Debug|Win32
		{5BDC604C-4862-4BF5-BB0B-634E0C3049D5}.Release|Any CPU.ActiveCfg = Release|x64
		{5BDC604C-4862-4BF5-BB0B-634E0C3049D5}.Release|Any CPU.Build.0 = Release|x64
		{5BDC604C-4862-4BF5-BB0B-634E0C3049D5}.Release|x64.ActiveCfg = Release|x64
		{5BDC604C-4862-4BF5-BB0B-634E0C3049D5}.Release|x64.Build.0 = Release|x64
		{5BDC604C-4862-4BF5-BB0B-634E0C3049D5}.Release|x86.ActiveCfg = Release|Win32
		{5BDC604C-4862-4BF5-BB0B-634E0C3049D5}.Release|x86.Build.0 = Release|Win32
	EndGlobalSection
	GlobalSection(SolutionProperties) = preSolution
		HideSolutionNode = FALSE
	EndGlobalSection
	GlobalSection(ExtensibilityGlobals) = postSolution
		SolutionGuid = {ED25F7DA-E876-4AC6-9E2C-C3D129A4E4D4}
	EndGlobalSection
EndGlobal
